// !$*UTF8*$!
{
	archiveVersion = 1;
	classes = {
	};
	objectVersion = 50;
	objects = {

/* Begin PBXBuildFile section */
		65562F0A219F615700EACE44 /* InfiniteHorizonGP.cpp in Sources */ = {isa = PBXBuildFile; fileRef = 65562F06219F615700EACE44 /* InfiniteHorizonGP.cpp */; };
		65562F0B219F615700EACE44 /* Matern32model.cpp in Sources */ = {isa = PBXBuildFile; fileRef = 65562F09219F615700EACE44 /* Matern32model.cpp */; };
		65E6496D2099FCC700126883 /* AppDelegate.m in Sources */ = {isa = PBXBuildFile; fileRef = 65E6496C2099FCC700126883 /* AppDelegate.m */; };
		65E649702099FCC700126883 /* ViewController.mm in Sources */ = {isa = PBXBuildFile; fileRef = 65E6496F2099FCC700126883 /* ViewController.mm */; };
		65E649732099FCC700126883 /* Main.storyboard in Resources */ = {isa = PBXBuildFile; fileRef = 65E649712099FCC700126883 /* Main.storyboard */; };
		65E649752099FCC800126883 /* Assets.xcassets in Resources */ = {isa = PBXBuildFile; fileRef = 65E649742099FCC800126883 /* Assets.xcassets */; };
		65E649782099FCC800126883 /* LaunchScreen.storyboard in Resources */ = {isa = PBXBuildFile; fileRef = 65E649762099FCC800126883 /* LaunchScreen.storyboard */; };
		65E6497B2099FCC800126883 /* main.m in Sources */ = {isa = PBXBuildFile; fileRef = 65E6497A2099FCC800126883 /* main.m */; };
		65E649832099FCE900126883 /* CoreMotion.framework in Frameworks */ = {isa = PBXBuildFile; fileRef = 65E649822099FCE900126883 /* CoreMotion.framework */; };
/* End PBXBuildFile section */

/* Begin PBXFileReference section */
		65562F06219F615700EACE44 /* InfiniteHorizonGP.cpp */ = {isa = PBXFileReference; fileEncoding = 4; lastKnownFileType = sourcecode.cpp.cpp; name = InfiniteHorizonGP.cpp; path = ../../cpp/InfiniteHorizonGP.cpp; sourceTree = "<group>"; };
		65562F07219F615700EACE44 /* Matern32model.hpp */ = {isa = PBXFileReference; fileEncoding = 4; lastKnownFileType = sourcecode.cpp.h; name = Matern32model.hpp; path = ../../cpp/Matern32model.hpp; sourceTree = "<group>"; };
		65562F08219F615700EACE44 /* InfiniteHorizonGP.hpp */ = {isa = PBXFileReference; fileEncoding = 4; lastKnownFileType = sourcecode.cpp.h; name = InfiniteHorizonGP.hpp; path = ../../cpp/InfiniteHorizonGP.hpp; sourceTree = "<group>"; };
		65562F09219F615700EACE44 /* Matern32model.cpp */ = {isa = PBXFileReference; fileEncoding = 4; lastKnownFileType = sourcecode.cpp.cpp; name = Matern32model.cpp; path = ../../cpp/Matern32model.cpp; sourceTree = "<group>"; };
		65E649682099FCC700126883 /* GP Example.app */ = {isa = PBXFileReference; explicitFileType = wrapper.application; includeInIndex = 0; path = "GP Example.app"; sourceTree = BUILT_PRODUCTS_DIR; };
		65E6496B2099FCC700126883 /* AppDelegate.h */ = {isa = PBXFileReference; lastKnownFileType = sourcecode.c.h; path = AppDelegate.h; sourceTree = "<group>"; };
		65E6496C2099FCC700126883 /* AppDelegate.m */ = {isa = PBXFileReference; lastKnownFileType = sourcecode.c.objc; path = AppDelegate.m; sourceTree = "<group>"; };
		65E6496E2099FCC700126883 /* ViewController.h */ = {isa = PBXFileReference; lastKnownFileType = sourcecode.c.h; path = ViewController.h; sourceTree = "<group>"; };
		65E6496F2099FCC700126883 /* ViewController.mm */ = {isa = PBXFileReference; lastKnownFileType = sourcecode.cpp.objcpp; path = ViewController.mm; sourceTree = "<group>"; };
		65E649722099FCC700126883 /* Base */ = {isa = PBXFileReference; lastKnownFileType = file.storyboard; name = Base; path = Base.lproj/Main.storyboard; sourceTree = "<group>"; };
		65E649742099FCC800126883 /* Assets.xcassets */ = {isa = PBXFileReference; lastKnownFileType = folder.assetcatalog; path = Assets.xcassets; sourceTree = "<group>"; };
		65E649772099FCC800126883 /* Base */ = {isa = PBXFileReference; lastKnownFileType = file.storyboard; name = Base; path = Base.lproj/LaunchScreen.storyboard; sourceTree = "<group>"; };
		65E649792099FCC800126883 /* Info.plist */ = {isa = PBXFileReference; lastKnownFileType = text.plist.xml; path = Info.plist; sourceTree = "<group>"; };
		65E6497A2099FCC800126883 /* main.m */ = {isa = PBXFileReference; lastKnownFileType = sourcecode.c.objc; path = main.m; sourceTree = "<group>"; };
		65E649822099FCE900126883 /* CoreMotion.framework */ = {isa = PBXFileReference; lastKnownFileType = wrapper.framework; name = CoreMotion.framework; path = System/Library/Frameworks/CoreMotion.framework; sourceTree = SDKROOT; };
/* End PBXFileReference section */

/* Begin PBXFrameworksBuildPhase section */
		65E649652099FCC700126883 /* Frameworks */ = {
			isa = PBXFrameworksBuildPhase;
			buildActionMask = 2147483647;
			files = (
				65E649832099FCE900126883 /* CoreMotion.framework in Frameworks */,
			);
			runOnlyForDeploymentPostprocessing = 0;
		};
/* End PBXFrameworksBuildPhase section */

/* Begin PBXGroup section */
		65E6495F2099FCC700126883 = {
			isa = PBXGroup;
			children = (
				65E6496A2099FCC700126883 /* GP Example */,
				65E649692099FCC700126883 /* Products */,
				65E649812099FCE800126883 /* Frameworks */,
			);
			sourceTree = "<group>";
		};
		65E649692099FCC700126883 /* Products */ = {
			isa = PBXGroup;
			children = (
				65E649682099FCC700126883 /* GP Example.app */,
			);
			name = Products;
			sourceTree = "<group>";
		};
		65E6496A2099FCC700126883 /* GP Example */ = {
			isa = PBXGroup;
			children = (
				65562F06219F615700EACE44 /* InfiniteHorizonGP.cpp */,
				65562F08219F615700EACE44 /* InfiniteHorizonGP.hpp */,
				65562F09219F615700EACE44 /* Matern32model.cpp */,
				65562F07219F615700EACE44 /* Matern32model.hpp */,
				65E6496B2099FCC700126883 /* AppDelegate.h */,
				65E6496C2099FCC700126883 /* AppDelegate.m */,
				65E6496E2099FCC700126883 /* ViewController.h */,
				65E6496F2099FCC700126883 /* ViewController.mm */,
				65E649712099FCC700126883 /* Main.storyboard */,
				65E649742099FCC800126883 /* Assets.xcassets */,
				65E649762099FCC800126883 /* LaunchScreen.storyboard */,
				65E649792099FCC800126883 /* Info.plist */,
				65E6497A2099FCC800126883 /* main.m */,
			);
			path = "GP Example";
			sourceTree = "<group>";
		};
		65E649812099FCE800126883 /* Frameworks */ = {
			isa = PBXGroup;
			children = (
				65E649822099FCE900126883 /* CoreMotion.framework */,
			);
			name = Frameworks;
			sourceTree = "<group>";
		};
/* End PBXGroup section */

/* Begin PBXNativeTarget section */
		65E649672099FCC700126883 /* GP Example */ = {
			isa = PBXNativeTarget;
			buildConfigurationList = 65E6497E2099FCC800126883 /* Build configuration list for PBXNativeTarget "GP Example" */;
			buildPhases = (
				65E649642099FCC700126883 /* Sources */,
				65E649652099FCC700126883 /* Frameworks */,
				65E649662099FCC700126883 /* Resources */,
			);
			buildRules = (
			);
			dependencies = (
			);
			name = "GP Example";
			productName = "GP Example";
			productReference = 65E649682099FCC700126883 /* GP Example.app */;
			productType = "com.apple.product-type.application";
		};
/* End PBXNativeTarget section */

/* Begin PBXProject section */
		65E649602099FCC700126883 /* Project object */ = {
			isa = PBXProject;
			attributes = {
				LastUpgradeCheck = 0930;
				ORGANIZATIONNAME = "Arno Solin";
				TargetAttributes = {
					65E649672099FCC700126883 = {
						CreatedOnToolsVersion = 9.3;
					};
				};
			};
			buildConfigurationList = 65E649632099FCC700126883 /* Build configuration list for PBXProject "GP Example" */;
			compatibilityVersion = "Xcode 9.3";
			developmentRegion = en;
			hasScannedForEncodings = 0;
			knownRegions = (
				en,
				Base,
			);
			mainGroup = 65E6495F2099FCC700126883;
			productRefGroup = 65E649692099FCC700126883 /* Products */;
			projectDirPath = "";
			projectRoot = "";
			targets = (
				65E649672099FCC700126883 /* GP Example */,
			);
		};
/* End PBXProject section */

/* Begin PBXResourcesBuildPhase section */
		65E649662099FCC700126883 /* Resources */ = {
			isa = PBXResourcesBuildPhase;
			buildActionMask = 2147483647;
			files = (
				65E649782099FCC800126883 /* LaunchScreen.storyboard in Resources */,
				65E649752099FCC800126883 /* Assets.xcassets in Resources */,
				65E649732099FCC700126883 /* Main.storyboard in Resources */,
			);
			runOnlyForDeploymentPostprocessing = 0;
		};
/* End PBXResourcesBuildPhase section */

/* Begin PBXSourcesBuildPhase section */
		65E649642099FCC700126883 /* Sources */ = {
			isa = PBXSourcesBuildPhase;
			buildActionMask = 2147483647;
			files = (
				65562F0A219F615700EACE44 /* InfiniteHorizonGP.cpp in Sources */,
				65562F0B219F615700EACE44 /* Matern32model.cpp in Sources */,
				65E649702099FCC700126883 /* ViewController.mm in Sources */,
				65E6497B2099FCC800126883 /* main.m in Sources */,
				65E6496D2099FCC700126883 /* AppDelegate.m in Sources */,
			);
			runOnlyForDeploymentPostprocessing = 0;
		};
/* End PBXSourcesBuildPhase section */

/* Begin PBXVariantGroup section */
		65E649712099FCC700126883 /* Main.storyboard */ = {
			isa = PBXVariantGroup;
			children = (
				65E649722099FCC700126883 /* Base */,
			);
			name = Main.storyboard;
			sourceTree = "<group>";
		};
		65E649762099FCC800126883 /* LaunchScreen.storyboard */ = {
			isa = PBXVariantGroup;
			children = (
				65E649772099FCC800126883 /* Base */,
			);
			name = LaunchScreen.storyboard;
			sourceTree = "<group>";
		};
/* End PBXVariantGroup section */

/* Begin XCBuildConfiguration section */
		65E6497C2099FCC800126883 /* Debug */ = {
			isa = XCBuildConfiguration;
			buildSettings = {
				ALWAYS_SEARCH_USER_PATHS = NO;
				CLANG_ANALYZER_NONNULL = YES;
				CLANG_ANALYZER_NUMBER_OBJECT_CONVERSION = YES_AGGRESSIVE;
				CLANG_CXX_LANGUAGE_STANDARD = "gnu++14";
				CLANG_CXX_LIBRARY = "libc++";
				CLANG_ENABLE_MODULES = YES;
				CLANG_ENABLE_OBJC_ARC = YES;
				CLANG_ENABLE_OBJC_WEAK = YES;
				CLANG_WARN_BLOCK_CAPTURE_AUTORELEASING = YES;
				CLANG_WARN_BOOL_CONVERSION = YES;
				CLANG_WARN_COMMA = YES;
				CLANG_WARN_CONSTANT_CONVERSION = YES;
				CLANG_WARN_DEPRECATED_OBJC_IMPLEMENTATIONS = YES;
				CLANG_WARN_DIRECT_OBJC_ISA_USAGE = YES_ERROR;
				CLANG_WARN_DOCUMENTATION_COMMENTS = YES;
				CLANG_WARN_EMPTY_BODY = YES;
				CLANG_WARN_ENUM_CONVERSION = YES;
				CLANG_WARN_INFINITE_RECURSION = YES;
				CLANG_WARN_INT_CONVERSION = YES;
				CLANG_WARN_NON_LITERAL_NULL_CONVERSION = YES;
				CLANG_WARN_OBJC_IMPLICIT_RETAIN_SELF = YES;
				CLANG_WARN_OBJC_LITERAL_CONVERSION = YES;
				CLANG_WARN_OBJC_ROOT_CLASS = YES_ERROR;
				CLANG_WARN_RANGE_LOOP_ANALYSIS = YES;
				CLANG_WARN_STRICT_PROTOTYPES = YES;
				CLANG_WARN_SUSPICIOUS_MOVE = YES;
				CLANG_WARN_UNGUARDED_AVAILABILITY = YES_AGGRESSIVE;
				CLANG_WARN_UNREACHABLE_CODE = YES;
				CLANG_WARN__DUPLICATE_METHOD_MATCH = YES;
				CODE_SIGN_IDENTITY = "iPhone Developer";
				COPY_PHASE_STRIP = NO;
				DEBUG_INFORMATION_FORMAT = dwarf;
				ENABLE_STRICT_OBJC_MSGSEND = YES;
				ENABLE_TESTABILITY = YES;
				GCC_C_LANGUAGE_STANDARD = gnu11;
				GCC_DYNAMIC_NO_PIC = NO;
				GCC_NO_COMMON_BLOCKS = YES;
				GCC_OPTIMIZATION_LEVEL = 0;
				GCC_PREPROCESSOR_DEFINITIONS = (
					"DEBUG=1",
					"$(inherited)",
				);
				GCC_WARN_64_TO_32_BIT_CONVERSION = YES;
				GCC_WARN_ABOUT_RETURN_TYPE = YES_ERROR;
				GCC_WARN_UNDECLARED_SELECTOR = YES;
				GCC_WARN_UNINITIALIZED_AUTOS = YES_AGGRESSIVE;
				GCC_WARN_UNUSED_FUNCTION = YES;
				GCC_WARN_UNUSED_VARIABLE = YES;
				IPHONEOS_DEPLOYMENT_TARGET = 11.3;
				MTL_ENABLE_DEBUG_INFO = YES;
				ONLY_ACTIVE_ARCH = YES;
				SDKROOT = iphoneos;
			};
			name = Debug;
		};
		65E6497D2099FCC800126883 /* Release */ = {
			isa = XCBuildConfiguration;
			buildSettings = {
				ALWAYS_SEARCH_USER_PATHS = NO;
				CLANG_ANALYZER_NONNULL = YES;
				CLANG_ANALYZER_NUMBER_OBJECT_CONVERSION = YES_AGGRESSIVE;
				CLANG_CXX_LANGUAGE_STANDARD = "gnu++14";
				CLANG_CXX_LIBRARY = "libc++";
				CLANG_ENABLE_MODULES = YES;
				CLANG_ENABLE_OBJC_ARC = YES;
				CLANG_ENABLE_OBJC_WEAK = YES;
				CLANG_WARN_BLOCK_CAPTURE_AUTORELEASING = YES;
				CLANG_WARN_BOOL_CONVERSION = YES;
				CLANG_WARN_COMMA = YES;
				CLANG_WARN_CONSTANT_CONVERSION = YES;
				CLANG_WARN_DEPRECATED_OBJC_IMPLEMENTATIONS = YES;
				CLANG_WARN_DIRECT_OBJC_ISA_USAGE = YES_ERROR;
				CLANG_WARN_DOCUMENTATION_COMMENTS = YES;
				CLANG_WARN_EMPTY_BODY = YES;
				CLANG_WARN_ENUM_CONVERSION = YES;
				CLANG_WARN_INFINITE_RECURSION = YES;
				CLANG_WARN_INT_CONVERSION = YES;
				CLANG_WARN_NON_LITERAL_NULL_CONVERSION = YES;
				CLANG_WARN_OBJC_IMPLICIT_RETAIN_SELF = YES;
				CLANG_WARN_OBJC_LITERAL_CONVERSION = YES;
				CLANG_WARN_OBJC_ROOT_CLASS = YES_ERROR;
				CLANG_WARN_RANGE_LOOP_ANALYSIS = YES;
				CLANG_WARN_STRICT_PROTOTYPES = YES;
				CLANG_WARN_SUSPICIOUS_MOVE = YES;
				CLANG_WARN_UNGUARDED_AVAILABILITY = YES_AGGRESSIVE;
				CLANG_WARN_UNREACHABLE_CODE = YES;
				CLANG_WARN__DUPLICATE_METHOD_MATCH = YES;
				CODE_SIGN_IDENTITY = "iPhone Developer";
				COPY_PHASE_STRIP = NO;
				DEBUG_INFORMATION_FORMAT = "dwarf-with-dsym";
				ENABLE_NS_ASSERTIONS = NO;
				ENABLE_STRICT_OBJC_MSGSEND = YES;
				GCC_C_LANGUAGE_STANDARD = gnu11;
				GCC_NO_COMMON_BLOCKS = YES;
				GCC_WARN_64_TO_32_BIT_CONVERSION = YES;
				GCC_WARN_ABOUT_RETURN_TYPE = YES_ERROR;
				GCC_WARN_UNDECLARED_SELECTOR = YES;
				GCC_WARN_UNINITIALIZED_AUTOS = YES_AGGRESSIVE;
				GCC_WARN_UNUSED_FUNCTION = YES;
				GCC_WARN_UNUSED_VARIABLE = YES;
				IPHONEOS_DEPLOYMENT_TARGET = 11.3;
				MTL_ENABLE_DEBUG_INFO = NO;
				SDKROOT = iphoneos;
				VALIDATE_PRODUCT = YES;
			};
			name = Release;
		};
		65E6497F2099FCC800126883 /* Debug */ = {
			isa = XCBuildConfiguration;
			buildSettings = {
				ASSETCATALOG_COMPILER_APPICON_NAME = AppIcon;
				CODE_SIGN_STYLE = Automatic;
				DEVELOPMENT_TEAM = 23ATX9NR5T;
				HEADER_SEARCH_PATHS = /usr/local/include/eigen3/;
				INFOPLIST_FILE = "GP Example/Info.plist";
				LD_RUNPATH_SEARCH_PATHS = (
					"$(inherited)",
					"@executable_path/Frameworks",
				);
				OTHER_CPLUSPLUSFLAGS = (
					"$(OTHER_CFLAGS)",
					"-I/usr/local/include/eigen3/",
				);
				PRODUCT_BUNDLE_IDENTIFIER = com.example.change.this;
				PRODUCT_NAME = "$(TARGET_NAME)";
				TARGETED_DEVICE_FAMILY = "1,2";
			};
			name = Debug;
		};
		65E649802099FCC800126883 /* Release */ = {
			isa = XCBuildConfiguration;
			buildSettings = {
				ASSETCATALOG_COMPILER_APPICON_NAME = AppIcon;
				CODE_SIGN_STYLE = Automatic;
				DEVELOPMENT_TEAM = 23ATX9NR5T;
				HEADER_SEARCH_PATHS = /usr/local/include/eigen3/;
				INFOPLIST_FILE = "GP Example/Info.plist";
				LD_RUNPATH_SEARCH_PATHS = (
					"$(inherited)",
					"@executable_path/Frameworks",
				);
				OTHER_CPLUSPLUSFLAGS = (
					"$(OTHER_CFLAGS)",
					"-I/usr/local/include/eigen3/",
				);
				PRODUCT_BUNDLE_IDENTIFIER = com.example.change.this;
				PRODUCT_NAME = "$(TARGET_NAME)";
				TARGETED_DEVICE_FAMILY = "1,2";
			};
			name = Release;
		};
/* End XCBuildConfiguration section */

/* Begin XCConfigurationList section */
		65E649632099FCC700126883 /* Build configuration list for PBXProject "GP Example" */ = {
			isa = XCConfigurationList;
			buildConfigurations = (
				65E6497C2099FCC800126883 /* Debug */,
				65E6497D2099FCC800126883 /* Release */,
			);
			defaultConfigurationIsVisible = 0;
			defaultConfigurationName = Release;
		};
		65E6497E2099FCC800126883 /* Build configuration list for PBXNativeTarget "GP Example" */ = {
			isa = XCConfigurationList;
			buildConfigurations = (
				65E6497F2099FCC800126883 /* Debug */,
				65E649802099FCC800126883 /* Release */,
			);
			defaultConfigurationIsVisible = 0;
			defaultConfigurationName = Release;
		};
/* End XCConfigurationList section */
	};
	rootObject = 65E649602099FCC700126883 /* Project object */;
}
